
Microsoft Visual Studio Solution File, Format Version 12.00
# Visual Studio 14
VisualStudioVersion = 14.0.25420.1
MinimumVisualStudioVersion = 10.0.40219.1
Project("{FAE04EC0-301F-11D3-BF4B-00C04F79EFBC}") = "Visualizer", "Visualizer\Visualizer.csproj", "{AB515490-599C-4AF7-A44C-2A41B55856FD}"
EndProject
Project("{FAE04EC0-301F-11D3-BF4B-00C04F79EFBC}") = "Visualizer.Debug", "Visualizer.Debug\Visualizer.Debug.csproj", "{CBE233CB-FD94-44AA-A080-F6BFAD9FA9A1}"
EndProject
Project("{FAE04EC0-301F-11D3-BF4B-00C04F79EFBC}") = "Domain.Core", "Domain.Core\Domain.Core.csproj", "{6CE71342-4EBA-4622-AE2F-3DDE2E9833C6}"
EndProject
Project("{FAE04EC0-301F-11D3-BF4B-00C04F79EFBC}") = "UglyToad.RegexVisualizer", "src\UglyToad.RegexVisualizer\UglyToad.RegexVisualizer.csproj", "{2C34313D-4DB0-48A6-B62E-D8D953BC3B47}"
EndProject
Project("{FAE04EC0-301F-11D3-BF4B-00C04F79EFBC}") = "UglyToad.RegexVisualizer.Debug", "UglyToad.RegexVisualizer.Debug\UglyToad.RegexVisualizer.Debug.csproj", "{5C4C4A9C-8033-421E-85C6-75BB1BF10DC9}"
EndProject
Global
	GlobalSection(SolutionConfigurationPlatforms) = preSolution
		Debug|Any CPU = Debug|Any CPU
		Release|Any CPU = Release|Any CPU
	EndGlobalSection
	GlobalSection(ProjectConfigurationPlatforms) = postSolution
		{AB515490-599C-4AF7-A44C-2A41B55856FD}.Debug|Any CPU.ActiveCfg = Debug|Any CPU
		{AB515490-599C-4AF7-A44C-2A41B55856FD}.Debug|Any CPU.Build.0 = Debug|Any CPU
		{AB515490-599C-4AF7-A44C-2A41B55856FD}.Release|Any CPU.ActiveCfg = Release|Any CPU
		{AB515490-599C-4AF7-A44C-2A41B55856FD}.Release|Any CPU.Build.0 = Release|Any CPU
		{CBE233CB-FD94-44AA-A080-F6BFAD9FA9A1}.Debug|Any CPU.ActiveCfg = Debug|Any CPU
		{CBE233CB-FD94-44AA-A080-F6BFAD9FA9A1}.Debug|Any CPU.Build.0 = Debug|Any CPU
		{CBE233CB-FD94-44AA-A080-F6BFAD9FA9A1}.Release|Any CPU.ActiveCfg = Release|Any CPU
		{CBE233CB-FD94-44AA-A080-F6BFAD9FA9A1}.Release|Any CPU.Build.0 = Release|Any CPU
		{6CE71342-4EBA-4622-AE2F-3DDE2E9833C6}.Debug|Any CPU.ActiveCfg = Debug|Any CPU
		{6CE71342-4EBA-4622-AE2F-3DDE2E9833C6}.Debug|Any CPU.Build.0 = Debug|Any CPU
		{6CE71342-4EBA-4622-AE2F-3DDE2E9833C6}.Release|Any CPU.ActiveCfg = Release|Any CPU
		{6CE71342-4EBA-4622-AE2F-3DDE2E9833C6}.Release|Any CPU.Build.0 = Release|Any CPU
		{2C34313D-4DB0-48A6-B62E-D8D953BC3B47}.Debug|Any CPU.ActiveCfg = Debug|Any CPU
		{2C34313D-4DB0-48A6-B62E-D8D953BC3B47}.Debug|Any CPU.Build.0 = Debug|Any CPU
		{2C34313D-4DB0-48A6-B62E-D8D953BC3B47}.Release|Any CPU.ActiveCfg = Release|Any CPU
		{2C34313D-4DB0-48A6-B62E-D8D953BC3B47}.Release|Any CPU.Build.0 = Release|Any CPU
		{5C4C4A9C-8033-421E-85C6-75BB1BF10DC9}.Debug|Any CPU.ActiveCfg = Debug|Any CPU
		{5C4C4A9C-8033-421E-85C6-75BB1BF10DC9}.Debug|Any CPU.Build.0 = Debug|Any CPU
		{5C4C4A9C-8033-421E-85C6-75BB1BF10DC9}.Release|Any CPU.ActiveCfg = Release|Any CPU
		{5C4C4A9C-8033-421E-85C6-75BB1BF10DC9}.Release|Any CPU.Build.0 = Release|Any CPU
	EndGlobalSection
	GlobalSection(SolutionProperties) = preSolution
		HideSolutionNode = FALSE
	EndGlobalSection
EndGlobal
